
Microsoft Visual Studio Solution File, Format Version 12.00
# Visual Studio Version 16
VisualStudioVersion = 16.0.32002.261
MinimumVisualStudioVersion = 10.0.40219.1
Project("{9A19103F-16F7-4668-BE54-9A1E7A4F7556}") = "SingleBlog", "SingleBlog\SingleBlog.csproj", "{B8D76E73-2E8C-4EFD-B54F-1F38A98081CB}"
EndProject
Project("{FAE04EC0-301F-11D3-BF4B-00C04F79EFBC}") = "SingleBlog.Tests", "SingleBlog.Test\SingleBlog.Tests.csproj", "{A8EBDEAF-79FD-4432-A4A4-DBED48F70B86}"
EndProject
Global
	GlobalSection(SolutionConfigurationPlatforms) = preSolution
		Debug|Any CPU = Debug|Any CPU
		Release|Any CPU = Release|Any CPU
	EndGlobalSection
	GlobalSection(ProjectConfigurationPlatforms) = postSolution
		{B8D76E73-2E8C-4EFD-B54F-1F38A98081CB}.Debug|Any CPU.ActiveCfg = Debug|Any CPU
		{B8D76E73-2E8C-4EFD-B54F-1F38A98081CB}.Debug|Any CPU.Build.0 = Debug|Any CPU
		{B8D76E73-2E8C-4EFD-B54F-1F38A98081CB}.Release|Any CPU.ActiveCfg = Release|Any CPU
		{B8D76E73-2E8C-4EFD-B54F-1F38A98081CB}.Release|Any CPU.Build.0 = Release|Any CPU
		{A8EBDEAF-79FD-4432-A4A4-DBED48F70B86}.Debug|Any CPU.ActiveCfg = Debug|Any CPU
		{A8EBDEAF-79FD-4432-A4A4-DBED48F70B86}.Debug|Any CPU.Build.0 = Debug|Any CPU
		{A8EBDEAF-79FD-4432-A4A4-DBED48F70B86}.Release|Any CPU.ActiveCfg = Release|Any CPU
		{A8EBDEAF-79FD-4432-A4A4-DBED48F70B86}.Release|Any CPU.Build.0 = Release|Any CPU
	EndGlobalSection
	GlobalSection(SolutionProperties) = preSolution
		HideSolutionNode = FALSE
	EndGlobalSection
	GlobalSection(ExtensibilityGlobals) = postSolution
		SolutionGuid = {A66B8851-C82F-4866-AC48-11B71502BCE2}
	EndGlobalSection
EndGlobal
